
Microsoft Visual Studio Solution File, Format Version 12.00
# Visual Studio Version 17
VisualStudioVersion = 17.8.34309.116
MinimumVisualStudioVersion = 10.0.40219.1
Project("{9A19103F-16F7-4668-BE54-9A1E7A4F7556}") = "JuiceShopDotNet.API", "JuiceShopDotNet.API\JuiceShopDotNet.API.csproj", "{7B042AD7-606C-4B6C-9141-210A385BB386}"
EndProject
Project("{9A19103F-16F7-4668-BE54-9A1E7A4F7556}") = "JuiceShopDotNet.Common", "JuiceShopDotNet.Common\JuiceShopDotNet.Common.csproj", "{CE63C611-EB37-42AE-A79F-8E074E39DF8C}"
EndProject
Project("{9A19103F-16F7-4668-BE54-9A1E7A4F7556}") = "JuiceShopDotNet.Safe", "JuiceShopDotNet.Safe\JuiceShopDotNet.Safe.csproj", "{69B23BAA-B0BE-485F-A9DC-D36348615723}"
EndProject
Project("{9A19103F-16F7-4668-BE54-9A1E7A4F7556}") = "JuiceShopDotNet.Unsafe", "JuiceShopDotNet.Unsafe\JuiceShopDotNet.Unsafe.csproj", "{57486772-1927-483E-B93B-3BD557EAB4FB}"
EndProject
Project("{9A19103F-16F7-4668-BE54-9A1E7A4F7556}") = "VulnerabilityBuffet", "VulnerabilityBuffet\VulnerabilityBuffet.csproj", "{C4F198BA-374A-4DEB-93B4-9AE320EADC2E}"
EndProject
Global
	GlobalSection(SolutionConfigurationPlatforms) = preSolution
		Debug|Any CPU = Debug|Any CPU
		Release|Any CPU = Release|Any CPU
	EndGlobalSection
	GlobalSection(ProjectConfigurationPlatforms) = postSolution
		{7B042AD7-606C-4B6C-9141-210A385BB386}.Debug|Any CPU.ActiveCfg = Debug|Any CPU
		{7B042AD7-606C-4B6C-9141-210A385BB386}.Debug|Any CPU.Build.0 = Debug|Any CPU
		{7B042AD7-606C-4B6C-9141-210A385BB386}.Release|Any CPU.ActiveCfg = Release|Any CPU
		{7B042AD7-606C-4B6C-9141-210A385BB386}.Release|Any CPU.Build.0 = Release|Any CPU
		{CE63C611-EB37-42AE-A79F-8E074E39DF8C}.Debug|Any CPU.ActiveCfg = Debug|Any CPU
		{CE63C611-EB37-42AE-A79F-8E074E39DF8C}.Debug|Any CPU.Build.0 = Debug|Any CPU
		{CE63C611-EB37-42AE-A79F-8E074E39DF8C}.Release|Any CPU.ActiveCfg = Release|Any CPU
		{CE63C611-EB37-42AE-A79F-8E074E39DF8C}.Release|Any CPU.Build.0 = Release|Any CPU
		{69B23BAA-B0BE-485F-A9DC-D36348615723}.Debug|Any CPU.ActiveCfg = Debug|Any CPU
		{69B23BAA-B0BE-485F-A9DC-D36348615723}.Debug|Any CPU.Build.0 = Debug|Any CPU
		{69B23BAA-B0BE-485F-A9DC-D36348615723}.Release|Any CPU.ActiveCfg = Release|Any CPU
		{69B23BAA-B0BE-485F-A9DC-D36348615723}.Release|Any CPU.Build.0 = Release|Any CPU
		{57486772-1927-483E-B93B-3BD557EAB4FB}.Debug|Any CPU.ActiveCfg = Debug|Any CPU
		{57486772-1927-483E-B93B-3BD557EAB4FB}.Debug|Any CPU.Build.0 = Debug|Any CPU
		{57486772-1927-483E-B93B-3BD557EAB4FB}.Release|Any CPU.ActiveCfg = Release|Any CPU
		{57486772-1927-483E-B93B-3BD557EAB4FB}.Release|Any CPU.Build.0 = Release|Any CPU
		{C4F198BA-374A-4DEB-93B4-9AE320EADC2E}.Debug|Any CPU.ActiveCfg = Debug|Any CPU
		{C4F198BA-374A-4DEB-93B4-9AE320EADC2E}.Debug|Any CPU.Build.0 = Debug|Any CPU
		{C4F198BA-374A-4DEB-93B4-9AE320EADC2E}.Release|Any CPU.ActiveCfg = Release|Any CPU
		{C4F198BA-374A-4DEB-93B4-9AE320EADC2E}.Release|Any CPU.Build.0 = Release|Any CPU
	EndGlobalSection
	GlobalSection(SolutionProperties) = preSolution
		HideSolutionNode = FALSE
	EndGlobalSection
	GlobalSection(ExtensibilityGlobals) = postSolution
		SolutionGuid = {2C579BFB-D256-412E-A621-ED310D47856E}
	EndGlobalSection
EndGlobal
